{
  "version": 4,
  "terraform_version": "1.9.8",
  "serial": 103,
  "lineage": "163f5de8-a465-c8fa-1633-017757ec70ee",
  "outputs": {},
  "resources": [
    {
      "mode": "managed",
      "type": "confluent_environment",
      "name": "staging",
      "provider": "provider[\"registry.terraform.io/confluentinc/confluent\"]",
      "instances": [
        {
          "schema_version": 0,
          "attributes": {
            "display_name": "Staging",
            "id": "env-v6oqvz",
            "resource_name": "crn://confluent.cloud/organization=e4b3df17-8e94-46cf-968b-4a0596b4be69/environment=env-v6oqvz",
            "stream_governance": [
              {
                "package": "ESSENTIALS"
              }
            ]
          },
          "sensitive_attributes": [],
          "private": "bnVsbA==",
          "create_before_destroy": true
        }
      ]
    },
    {
      "mode": "managed",
      "type": "confluent_network",
      "name": "private-link",
      "provider": "provider[\"registry.terraform.io/confluentinc/confluent\"]",
      "instances": [
        {
          "schema_version": 0,
          "attributes": {
            "aws": [
              {
                "account": "417601102659",
                "private_link_endpoint_service": "com.amazonaws.vpce.us-east-2.vpce-svc-0d15f354f82463467",
                "vpc": "vpc-063e71fa0f4d169d0"
              }
            ],
            "azure": [],
            "cidr": "10.1.0.0/16",
            "cloud": "AWS",
            "connection_types": [
              "PRIVATELINK"
            ],
            "display_name": "Private Link Network",
            "dns_config": [
              {
                "resolution": "PRIVATE"
              }
            ],
            "dns_domain": "domjpe9mq2w.us-east-2.aws.confluent.cloud",
            "environment": [
              {
                "id": "env-v6oqvz"
              }
            ],
            "gateway": [
              {
                "id": "gw-6lk45o"
              }
            ],
            "gcp": [],
            "id": "n-j4562k",
            "region": "us-east-2",
            "reserved_cidr": "",
            "resource_name": "crn://confluent.cloud/organization=e4b3df17-8e94-46cf-968b-4a0596b4be69/environment=env-v6oqvz/network=n-j4562k",
            "timeouts": null,
            "zonal_subdomains": {
              "use2-az1": "use2-az1.domjpe9mq2w.us-east-2.aws.confluent.cloud",
              "use2-az2": "use2-az2.domjpe9mq2w.us-east-2.aws.confluent.cloud",
              "use2-az3": "use2-az3.domjpe9mq2w.us-east-2.aws.confluent.cloud"
            },
            "zone_info": [],
            "zones": [
              "use2-az2",
              "use2-az3",
              "use2-az1"
            ]
          },
          "sensitive_attributes": [],
          "private": "eyJlMmJmYjczMC1lY2FhLTExZTYtOGY4OC0zNDM2M2JjN2M0YzAiOnsiY3JlYXRlIjo3MjAwMDAwMDAwMDAwLCJkZWxldGUiOjE4MDAwMDAwMDAwMDAwfX0=",
          "dependencies": [
            "confluent_environment.staging"
          ],
          "create_before_destroy": true
        }
      ]
    }
  ],
  "check_results": null
}
